# This file is automatically @generated by Cargo.
# It is not intended for manual editing.
version = 3

[[package]]
name = "bitflags"
version = "1.3.2"
source = "registry+https://github.com/rust-lang/crates.io-index"
checksum = "bef38d45163c2f1dde094a7dfd33ccf595c92905c8f8f4fdc18d06fb1037718a"

[[package]]
name = "core-foundation"
version = "0.9.3"
source = "registry+https://github.com/rust-lang/crates.io-index"
checksum = "194a7a9e6de53fa55116934067c844d9d749312f75c6f6d0980e8c252f8c2146"
dependencies = [
 "core-foundation-sys",
 "libc",
]

[[package]]
name = "core-foundation-sys"
version = "0.8.4"
source = "registry+https://github.com/rust-lang/crates.io-index"
checksum = "e496a50fda8aacccc86d7529e2c1e0892dbd0f898a6b5645b5561b89c3210efa"

[[package]]
name = "libc"
version = "0.2.146"
source = "registry+https://github.com/rust-lang/crates.io-index"
checksum = "f92be4933c13fd498862a9e02a3055f8a8d9c039ce33db97306fd5a6caa7f29b"

[[package]]
name = "rust-bad-certs"
version = "0.1.0"
dependencies = [
 "security-framework",
]

[[package]]
name = "security-framework"
version = "2.9.1"
source = "registry+https://github.com/rust-lang/crates.io-index"
checksum = "1fc758eb7bffce5b308734e9b0c1468893cae9ff70ebf13e7090be8dcbcc83a8"
dependencies = [
 "bitflags",
 "core-foundation",
 "core-foundation-sys",
 "libc",
 "security-framework-sys",
]

[[package]]
name = "security-framework-sys"
version = "2.9.0"
source = "registry+https://github.com/rust-lang/crates.io-index"
checksum = "f51d0c0d83bec45f16480d0ce0058397a69e48fcdc52d1dc8855fb68acbd31a7"
dependencies = [
 "core-foundation-sys",
 "libc",
]
